
Microsoft Visual Studio Solution File, Format Version 12.00
# Visual Studio Version 17
VisualStudioVersion = 17.8.34316.72
MinimumVisualStudioVersion = 10.0.40219.1
Project("{FAE04EC0-301F-11D3-BF4B-00C04F79EFBC}") = "Practise101.Mvc", "Practise101.Mvc\Practise101.Mvc.csproj", "{90392653-6EB2-48E2-B96D-10272D3833BB}"
EndProject
Project("{FAE04EC0-301F-11D3-BF4B-00C04F79EFBC}") = "Practise101.Api", "Practise101.Api\Practise101.Api.csproj", "{D7F10AF3-3F8C-4B81-A3EB-CB0345542A82}"
EndProject
Global
	GlobalSection(SolutionConfigurationPlatforms) = preSolution
		Debug|Any CPU = Debug|Any CPU
		Release|Any CPU = Release|Any CPU
	EndGlobalSection
	GlobalSection(ProjectConfigurationPlatforms) = postSolution
		{90392653-6EB2-48E2-B96D-10272D3833BB}.Debug|Any CPU.ActiveCfg = Debug|Any CPU
		{90392653-6EB2-48E2-B96D-10272D3833BB}.Debug|Any CPU.Build.0 = Debug|Any CPU
		{90392653-6EB2-48E2-B96D-10272D3833BB}.Release|Any CPU.ActiveCfg = Release|Any CPU
		{90392653-6EB2-48E2-B96D-10272D3833BB}.Release|Any CPU.Build.0 = Release|Any CPU
		{D7F10AF3-3F8C-4B81-A3EB-CB0345542A82}.Debug|Any CPU.ActiveCfg = Debug|Any CPU
		{D7F10AF3-3F8C-4B81-A3EB-CB0345542A82}.Debug|Any CPU.Build.0 = Debug|Any CPU
		{D7F10AF3-3F8C-4B81-A3EB-CB0345542A82}.Release|Any CPU.ActiveCfg = Release|Any CPU
		{D7F10AF3-3F8C-4B81-A3EB-CB0345542A82}.Release|Any CPU.Build.0 = Release|Any CPU
	EndGlobalSection
	GlobalSection(SolutionProperties) = preSolution
		HideSolutionNode = FALSE
	EndGlobalSection
	GlobalSection(ExtensibilityGlobals) = postSolution
		SolutionGuid = {A00F4E45-33A2-47B9-BD80-75EFE471057A}
	EndGlobalSection
EndGlobal
